
Microsoft Visual Studio Solution File, Format Version 12.00
# Visual Studio Version 17
VisualStudioVersion = 17.8.34525.116
MinimumVisualStudioVersion = 10.0.40219.1
Project("{FAE04EC0-301F-11D3-BF4B-00C04F79EFBC}") = "Entities", "Entities\Entities.csproj", "{323697B2-E11E-43F2-9DA5-185289C392D0}"
EndProject
Project("{FAE04EC0-301F-11D3-BF4B-00C04F79EFBC}") = "Application", "Application\Application.csproj", "{253FE683-120E-4E85-840D-4CA03BA71220}"
EndProject
Global
	GlobalSection(SolutionConfigurationPlatforms) = preSolution
		Debug|Any CPU = Debug|Any CPU
		Release|Any CPU = Release|Any CPU
	EndGlobalSection
	GlobalSection(ProjectConfigurationPlatforms) = postSolution
		{323697B2-E11E-43F2-9DA5-185289C392D0}.Debug|Any CPU.ActiveCfg = Debug|Any CPU
		{323697B2-E11E-43F2-9DA5-185289C392D0}.Debug|Any CPU.Build.0 = Debug|Any CPU
		{323697B2-E11E-43F2-9DA5-185289C392D0}.Release|Any CPU.ActiveCfg = Release|Any CPU
		{323697B2-E11E-43F2-9DA5-185289C392D0}.Release|Any CPU.Build.0 = Release|Any CPU
		{253FE683-120E-4E85-840D-4CA03BA71220}.Debug|Any CPU.ActiveCfg = Debug|Any CPU
		{253FE683-120E-4E85-840D-4CA03BA71220}.Debug|Any CPU.Build.0 = Debug|Any CPU
		{253FE683-120E-4E85-840D-4CA03BA71220}.Release|Any CPU.ActiveCfg = Release|Any CPU
		{253FE683-120E-4E85-840D-4CA03BA71220}.Release|Any CPU.Build.0 = Release|Any CPU
	EndGlobalSection
	GlobalSection(SolutionProperties) = preSolution
		HideSolutionNode = FALSE
	EndGlobalSection
	GlobalSection(ExtensibilityGlobals) = postSolution
		SolutionGuid = {9441A64D-F547-4F1E-ADFC-83D991DC3478}
	EndGlobalSection
EndGlobal
